
Microsoft Visual Studio Solution File, Format Version 12.00
# Visual Studio Version 17
VisualStudioVersion = 17.9.34607.119
MinimumVisualStudioVersion = 10.0.40219.1
Project("{8BC9CEB8-8B4A-11D0-8D11-00A0C91BC942}") = "LAB3_Palacze", "LAB3_Palacze\LAB3_Palacze.vcxproj", "{524EF701-DF87-4B8C-B8D3-5C156B75A2F1}"
EndProject
Global
	GlobalSection(SolutionConfigurationPlatforms) = preSolution
		Debug|x64 = Debug|x64
		Debug|x86 = Debug|x86
		Release|x64 = Release|x64
		Release|x86 = Release|x86
	EndGlobalSection
	GlobalSection(ProjectConfigurationPlatforms) = postSolution
		{524EF701-DF87-4B8C-B8D3-5C156B75A2F1}.Debug|x64.ActiveCfg = Debug|x64
		{524EF701-DF87-4B8C-B8D3-5C156B75A2F1}.Debug|x64.Build.0 = Debug|x64
		{524EF701-DF87-4B8C-B8D3-5C156B75A2F1}.Debug|x86.ActiveCfg = Debug|Win32
		{524EF701-DF87-4B8C-B8D3-5C156B75A2F1}.Debug|x86.Build.0 = Debug|Win32
		{524EF701-DF87-4B8C-B8D3-5C156B75A2F1}.Release|x64.ActiveCfg = Release|x64
		{524EF701-DF87-4B8C-B8D3-5C156B75A2F1}.Release|x64.Build.0 = Release|x64
		{524EF701-DF87-4B8C-B8D3-5C156B75A2F1}.Release|x86.ActiveCfg = Release|Win32
		{524EF701-DF87-4B8C-B8D3-5C156B75A2F1}.Release|x86.Build.0 = Release|Win32
	EndGlobalSection
	GlobalSection(SolutionProperties) = preSolution
		HideSolutionNode = FALSE
	EndGlobalSection
	GlobalSection(ExtensibilityGlobals) = postSolution
		SolutionGuid = {08BE1622-A55F-4F93-A94F-BCB2D4D5BA7D}
	EndGlobalSection
EndGlobal
